
Microsoft Visual Studio Solution File, Format Version 12.00
# Visual Studio Version 17
VisualStudioVersion = 17.7.34031.279
MinimumVisualStudioVersion = 10.0.40219.1
Project("{9A19103F-16F7-4668-BE54-9A1E7A4F7556}") = "tilemap_splitter", "tilemap_splitter\tilemap_splitter.csproj", "{3641ADE4-BEEB-41A9-A668-F7D925DF2B25}"
EndProject
Project("{FAE04EC0-301F-11D3-BF4B-00C04F79EFBC}") = "tile_map_lib", "tile_map_lib\tile_map_lib.csproj", "{6F9CC02F-EBA1-4598-ABA0-F78797A97434}"
EndProject
Global
	GlobalSection(SolutionConfigurationPlatforms) = preSolution
		Debug|Any CPU = Debug|Any CPU
		Release|Any CPU = Release|Any CPU
	EndGlobalSection
	GlobalSection(ProjectConfigurationPlatforms) = postSolution
		{3641ADE4-BEEB-41A9-A668-F7D925DF2B25}.Debug|Any CPU.ActiveCfg = Debug|Any CPU
		{3641ADE4-BEEB-41A9-A668-F7D925DF2B25}.Debug|Any CPU.Build.0 = Debug|Any CPU
		{3641ADE4-BEEB-41A9-A668-F7D925DF2B25}.Release|Any CPU.ActiveCfg = Release|Any CPU
		{3641ADE4-BEEB-41A9-A668-F7D925DF2B25}.Release|Any CPU.Build.0 = Release|Any CPU
		{6F9CC02F-EBA1-4598-ABA0-F78797A97434}.Debug|Any CPU.ActiveCfg = Debug|Any CPU
		{6F9CC02F-EBA1-4598-ABA0-F78797A97434}.Debug|Any CPU.Build.0 = Debug|Any CPU
		{6F9CC02F-EBA1-4598-ABA0-F78797A97434}.Release|Any CPU.ActiveCfg = Release|Any CPU
		{6F9CC02F-EBA1-4598-ABA0-F78797A97434}.Release|Any CPU.Build.0 = Release|Any CPU
	EndGlobalSection
	GlobalSection(SolutionProperties) = preSolution
		HideSolutionNode = FALSE
	EndGlobalSection
	GlobalSection(ExtensibilityGlobals) = postSolution
		SolutionGuid = {6F6E4E21-7BB1-4DE1-9F0C-90C720B33981}
	EndGlobalSection
EndGlobal
